
Microsoft Visual Studio Solution File, Format Version 12.00
# Visual Studio Version 16
VisualStudioVersion = 16.0.29613.14
MinimumVisualStudioVersion = 10.0.40219.1
Project("{FAE04EC0-301F-11D3-BF4B-00C04F79EFBC}") = "FSTEC Parser", "FSTEC Parser\FSTEC Parser.csproj", "{1614E006-B563-46FA-B5E2-A2FBA7B9FBE0}"
EndProject
Global
	GlobalSection(SolutionConfigurationPlatforms) = preSolution
		Debug|Any CPU = Debug|Any CPU
		Release|Any CPU = Release|Any CPU
	EndGlobalSection
	GlobalSection(ProjectConfigurationPlatforms) = postSolution
		{1614E006-B563-46FA-B5E2-A2FBA7B9FBE0}.Debug|Any CPU.ActiveCfg = Debug|Any CPU
		{1614E006-B563-46FA-B5E2-A2FBA7B9FBE0}.Debug|Any CPU.Build.0 = Debug|Any CPU
		{1614E006-B563-46FA-B5E2-A2FBA7B9FBE0}.Release|Any CPU.ActiveCfg = Release|Any CPU
		{1614E006-B563-46FA-B5E2-A2FBA7B9FBE0}.Release|Any CPU.Build.0 = Release|Any CPU
	EndGlobalSection
	GlobalSection(SolutionProperties) = preSolution
		HideSolutionNode = FALSE
	EndGlobalSection
	GlobalSection(ExtensibilityGlobals) = postSolution
		SolutionGuid = {3CDEF63F-87A4-478C-9716-062A33FCB162}
	EndGlobalSection
EndGlobal
